
Microsoft Visual Studio Solution File, Format Version 12.00
# Visual Studio 15
VisualStudioVersion = 15.0.28307.779
MinimumVisualStudioVersion = 10.0.40219.1
Project("{FAE04EC0-301F-11D3-BF4B-00C04F79EFBC}") = "MVC_SKA", "MVC_SKA\MVC_SKA.csproj", "{27EDAE05-98A2-439B-A12B-EC1A02A0C91A}"
EndProject
Global
	GlobalSection(SolutionConfigurationPlatforms) = preSolution
		Debug|Any CPU = Debug|Any CPU
		Release|Any CPU = Release|Any CPU
	EndGlobalSection
	GlobalSection(ProjectConfigurationPlatforms) = postSolution
		{27EDAE05-98A2-439B-A12B-EC1A02A0C91A}.Debug|Any CPU.ActiveCfg = Debug|Any CPU
		{27EDAE05-98A2-439B-A12B-EC1A02A0C91A}.Debug|Any CPU.Build.0 = Debug|Any CPU
		{27EDAE05-98A2-439B-A12B-EC1A02A0C91A}.Release|Any CPU.ActiveCfg = Release|Any CPU
		{27EDAE05-98A2-439B-A12B-EC1A02A0C91A}.Release|Any CPU.Build.0 = Release|Any CPU
	EndGlobalSection
	GlobalSection(SolutionProperties) = preSolution
		HideSolutionNode = FALSE
	EndGlobalSection
	GlobalSection(ExtensibilityGlobals) = postSolution
		SolutionGuid = {021E44A7-803A-4AE6-A182-D5715C6843CC}
	EndGlobalSection
EndGlobal
